
Microsoft Visual Studio Solution File, Format Version 12.00
# Visual Studio Version 17
VisualStudioVersion = 17.8.34316.72
MinimumVisualStudioVersion = 10.0.40219.1
Project("{FAE04EC0-301F-11D3-BF4B-00C04F79EFBC}") = "TelegramSound", "TelegramSound.csproj", "{90B2BA0B-97E3-40FA-B3BA-D75188FE5467}"
EndProject
Global
	GlobalSection(SolutionConfigurationPlatforms) = preSolution
		Debug|Any CPU = Debug|Any CPU
		Release|Any CPU = Release|Any CPU
	EndGlobalSection
	GlobalSection(ProjectConfigurationPlatforms) = postSolution
		{90B2BA0B-97E3-40FA-B3BA-D75188FE5467}.Debug|Any CPU.ActiveCfg = Debug|Any CPU
		{90B2BA0B-97E3-40FA-B3BA-D75188FE5467}.Debug|Any CPU.Build.0 = Debug|Any CPU
		{90B2BA0B-97E3-40FA-B3BA-D75188FE5467}.Release|Any CPU.ActiveCfg = Release|Any CPU
		{90B2BA0B-97E3-40FA-B3BA-D75188FE5467}.Release|Any CPU.Build.0 = Release|Any CPU
	EndGlobalSection
	GlobalSection(SolutionProperties) = preSolution
		HideSolutionNode = FALSE
	EndGlobalSection
	GlobalSection(ExtensibilityGlobals) = postSolution
		SolutionGuid = {96C71649-272E-465C-89AA-AB4AAB86A140}
	EndGlobalSection
EndGlobal
